// !$*UTF8*$!
{
	archiveVersion = 1;
	classes = {
	};
	objectVersion = 50;
	objects = {

/* Begin PBXBuildFile section */
		7E6240362119CBFC0096BA2B /* GoogleService-Info.plist in Resources */ = {isa = PBXBuildFile; fileRef = 7E6240352119CBFC0096BA2B /* GoogleService-Info.plist */; };
		7E6240392119D1DB0096BA2B /* Project.swift in Sources */ = {isa = PBXBuildFile; fileRef = 7E6240382119D1DB0096BA2B /* Project.swift */; };
		7E62403B2119D46D0096BA2B /* DataBaseService.swift in Sources */ = {isa = PBXBuildFile; fileRef = 7E62403A2119D46D0096BA2B /* DataBaseService.swift */; };
		7E62403D2119D5BD0096BA2B /* ProjectServices.swift in Sources */ = {isa = PBXBuildFile; fileRef = 7E62403C2119D5BD0096BA2B /* ProjectServices.swift */; };
		7E62403F211AA1100096BA2B /* CenterCellCollectionViewFlowLayout.swift in Sources */ = {isa = PBXBuildFile; fileRef = 7E62403E211AA1100096BA2B /* CenterCellCollectionViewFlowLayout.swift */; };
		7E624041211AA1580096BA2B /* ProjectCollectionTableViewCell.swift in Sources */ = {isa = PBXBuildFile; fileRef = 7E624040211AA1580096BA2B /* ProjectCollectionTableViewCell.swift */; };
		7E624043211AA3820096BA2B /* FeedWorkshopTableViewCell.swift in Sources */ = {isa = PBXBuildFile; fileRef = 7E624042211AA3820096BA2B /* FeedWorkshopTableViewCell.swift */; };
		7E624045211AA3B80096BA2B /* FeedProjectTableViewCell.swift in Sources */ = {isa = PBXBuildFile; fileRef = 7E624044211AA3B80096BA2B /* FeedProjectTableViewCell.swift */; };
		7E624047211B18030096BA2B /* WorkshopsServices.swift in Sources */ = {isa = PBXBuildFile; fileRef = 7E624046211B18030096BA2B /* WorkshopsServices.swift */; };
		7E624049211B18230096BA2B /* Workshop.swift in Sources */ = {isa = PBXBuildFile; fileRef = 7E624048211B18230096BA2B /* Workshop.swift */; };
		7E62404B211B18350096BA2B /* Worker.swift in Sources */ = {isa = PBXBuildFile; fileRef = 7E62404A211B18350096BA2B /* Worker.swift */; };
		7E62404D211B18470096BA2B /* User.swift in Sources */ = {isa = PBXBuildFile; fileRef = 7E62404C211B18470096BA2B /* User.swift */; };
		7E624050211B1B170096BA2B /* ImageServices.swift in Sources */ = {isa = PBXBuildFile; fileRef = 7E62404F211B1B170096BA2B /* ImageServices.swift */; };
		7E624052211B20300096BA2B /* Location.swift in Sources */ = {isa = PBXBuildFile; fileRef = 7E624051211B20300096BA2B /* Location.swift */; };
		7E624054211B214B0096BA2B /* ImageDescribed.swift in Sources */ = {isa = PBXBuildFile; fileRef = 7E624053211B214B0096BA2B /* ImageDescribed.swift */; };
		7E624056211CB81A0096BA2B /* AllProjectsViewController.swift in Sources */ = {isa = PBXBuildFile; fileRef = 7E624055211CB81A0096BA2B /* AllProjectsViewController.swift */; };
		7E624058211CB83A0096BA2B /* ProjectTableViewCell.swift in Sources */ = {isa = PBXBuildFile; fileRef = 7E624057211CB8390096BA2B /* ProjectTableViewCell.swift */; };
		7E62405A211CBCDD0096BA2B /* HeaderView.swift in Sources */ = {isa = PBXBuildFile; fileRef = 7E624059211CBCDD0096BA2B /* HeaderView.swift */; };
		7E62405C211CBD2D0096BA2B /* HeaderView.xib in Resources */ = {isa = PBXBuildFile; fileRef = 7E62405B211CBD2D0096BA2B /* HeaderView.xib */; };
		7E62405E211CC1E40096BA2B /* Constants.swift in Sources */ = {isa = PBXBuildFile; fileRef = 7E62405D211CC1E40096BA2B /* Constants.swift */; };
		7E9FA73E2118926A00A7500F /* AppDelegate.swift in Sources */ = {isa = PBXBuildFile; fileRef = 7E9FA73D2118926A00A7500F /* AppDelegate.swift */; };
		7E9FA7402118926A00A7500F /* FeedViewController.swift in Sources */ = {isa = PBXBuildFile; fileRef = 7E9FA73F2118926A00A7500F /* FeedViewController.swift */; };
		7E9FA7432118926A00A7500F /* Main.storyboard in Resources */ = {isa = PBXBuildFile; fileRef = 7E9FA7412118926A00A7500F /* Main.storyboard */; };
		7E9FA7452118926C00A7500F /* Assets.xcassets in Resources */ = {isa = PBXBuildFile; fileRef = 7E9FA7442118926C00A7500F /* Assets.xcassets */; };
		7E9FA7482118926C00A7500F /* LaunchScreen.storyboard in Resources */ = {isa = PBXBuildFile; fileRef = 7E9FA7462118926C00A7500F /* LaunchScreen.storyboard */; };
		7ED83F902121B5AE00E78B39 /* AllWorkshopsViewController.swift in Sources */ = {isa = PBXBuildFile; fileRef = 7ED83F8F2121B5AE00E78B39 /* AllWorkshopsViewController.swift */; };
		7ED83F922121B7C800E78B39 /* WorkshopTableViewCell.swift in Sources */ = {isa = PBXBuildFile; fileRef = 7ED83F912121B7C800E78B39 /* WorkshopTableViewCell.swift */; };
		7ED83F9C2121C48400E78B39 /* QuemFazTableViewCell.swift in Sources */ = {isa = PBXBuildFile; fileRef = 7ED83F9B2121C48400E78B39 /* QuemFazTableViewCell.swift */; };
		BE2ACFE4E7F6C9A84A869E71 /* Pods_BioConstrucao.framework in Frameworks */ = {isa = PBXBuildFile; fileRef = D2286185BD8A35841A561EF4 /* Pods_BioConstrucao.framework */; };
/* End PBXBuildFile section */

/* Begin PBXFileReference section */
		6A1D83C607E5E3821DABE059 /* Pods-BioConstrucao.debug.xcconfig */ = {isa = PBXFileReference; includeInIndex = 1; lastKnownFileType = text.xcconfig; name = "Pods-BioConstrucao.debug.xcconfig"; path = "Pods/Target Support Files/Pods-BioConstrucao/Pods-BioConstrucao.debug.xcconfig"; sourceTree = "<group>"; };
		7E6240352119CBFC0096BA2B /* GoogleService-Info.plist */ = {isa = PBXFileReference; fileEncoding = 4; lastKnownFileType = text.plist.xml; path = "GoogleService-Info.plist"; sourceTree = "<group>"; };
		7E6240382119D1DB0096BA2B /* Project.swift */ = {isa = PBXFileReference; lastKnownFileType = sourcecode.swift; path = Project.swift; sourceTree = "<group>"; };
		7E62403A2119D46D0096BA2B /* DataBaseService.swift */ = {isa = PBXFileReference; lastKnownFileType = sourcecode.swift; path = DataBaseService.swift; sourceTree = "<group>"; };
		7E62403C2119D5BD0096BA2B /* ProjectServices.swift */ = {isa = PBXFileReference; lastKnownFileType = sourcecode.swift; path = ProjectServices.swift; sourceTree = "<group>"; };
		7E62403E211AA1100096BA2B /* CenterCellCollectionViewFlowLayout.swift */ = {isa = PBXFileReference; lastKnownFileType = sourcecode.swift; path = CenterCellCollectionViewFlowLayout.swift; sourceTree = "<group>"; };
		7E624040211AA1580096BA2B /* ProjectCollectionTableViewCell.swift */ = {isa = PBXFileReference; lastKnownFileType = sourcecode.swift; path = ProjectCollectionTableViewCell.swift; sourceTree = "<group>"; };
		7E624042211AA3820096BA2B /* FeedWorkshopTableViewCell.swift */ = {isa = PBXFileReference; lastKnownFileType = sourcecode.swift; path = FeedWorkshopTableViewCell.swift; sourceTree = "<group>"; };
		7E624044211AA3B80096BA2B /* FeedProjectTableViewCell.swift */ = {isa = PBXFileReference; lastKnownFileType = sourcecode.swift; path = FeedProjectTableViewCell.swift; sourceTree = "<group>"; };
		7E624046211B18030096BA2B /* WorkshopsServices.swift */ = {isa = PBXFileReference; lastKnownFileType = sourcecode.swift; path = WorkshopsServices.swift; sourceTree = "<group>"; };
		7E624048211B18230096BA2B /* Workshop.swift */ = {isa = PBXFileReference; lastKnownFileType = sourcecode.swift; path = Workshop.swift; sourceTree = "<group>"; };
		7E62404A211B18350096BA2B /* Worker.swift */ = {isa = PBXFileReference; lastKnownFileType = sourcecode.swift; path = Worker.swift; sourceTree = "<group>"; };
		7E62404C211B18470096BA2B /* User.swift */ = {isa = PBXFileReference; lastKnownFileType = sourcecode.swift; path = User.swift; sourceTree = "<group>"; };
		7E62404F211B1B170096BA2B /* ImageServices.swift */ = {isa = PBXFileReference; lastKnownFileType = sourcecode.swift; path = ImageServices.swift; sourceTree = "<group>"; };
		7E624051211B20300096BA2B /* Location.swift */ = {isa = PBXFileReference; lastKnownFileType = sourcecode.swift; path = Location.swift; sourceTree = "<group>"; };
		7E624053211B214B0096BA2B /* ImageDescribed.swift */ = {isa = PBXFileReference; lastKnownFileType = sourcecode.swift; path = ImageDescribed.swift; sourceTree = "<group>"; };
		7E624055211CB81A0096BA2B /* AllProjectsViewController.swift */ = {isa = PBXFileReference; lastKnownFileType = sourcecode.swift; path = AllProjectsViewController.swift; sourceTree = "<group>"; };
		7E624057211CB8390096BA2B /* ProjectTableViewCell.swift */ = {isa = PBXFileReference; lastKnownFileType = sourcecode.swift; path = ProjectTableViewCell.swift; sourceTree = "<group>"; };
		7E624059211CBCDD0096BA2B /* HeaderView.swift */ = {isa = PBXFileReference; lastKnownFileType = sourcecode.swift; path = HeaderView.swift; sourceTree = "<group>"; };
		7E62405B211CBD2D0096BA2B /* HeaderView.xib */ = {isa = PBXFileReference; fileEncoding = 4; lastKnownFileType = file.xib; path = HeaderView.xib; sourceTree = "<group>"; };
		7E62405D211CC1E40096BA2B /* Constants.swift */ = {isa = PBXFileReference; lastKnownFileType = sourcecode.swift; path = Constants.swift; sourceTree = "<group>"; };
		7E9FA73A2118926A00A7500F /* BioConstrucao.app */ = {isa = PBXFileReference; explicitFileType = wrapper.application; includeInIndex = 0; path = BioConstrucao.app; sourceTree = BUILT_PRODUCTS_DIR; };
		7E9FA73D2118926A00A7500F /* AppDelegate.swift */ = {isa = PBXFileReference; lastKnownFileType = sourcecode.swift; path = AppDelegate.swift; sourceTree = "<group>"; };
		7E9FA73F2118926A00A7500F /* FeedViewController.swift */ = {isa = PBXFileReference; lastKnownFileType = sourcecode.swift; path = FeedViewController.swift; sourceTree = "<group>"; };
		7E9FA7422118926A00A7500F /* Base */ = {isa = PBXFileReference; lastKnownFileType = file.storyboard; name = Base; path = Base.lproj/Main.storyboard; sourceTree = "<group>"; };
		7E9FA7442118926C00A7500F /* Assets.xcassets */ = {isa = PBXFileReference; lastKnownFileType = folder.assetcatalog; path = Assets.xcassets; sourceTree = "<group>"; };
		7E9FA7472118926C00A7500F /* Base */ = {isa = PBXFileReference; lastKnownFileType = file.storyboard; name = Base; path = Base.lproj/LaunchScreen.storyboard; sourceTree = "<group>"; };
		7E9FA7492118926C00A7500F /* Info.plist */ = {isa = PBXFileReference; lastKnownFileType = text.plist.xml; path = Info.plist; sourceTree = "<group>"; };
		7ED83F8F2121B5AE00E78B39 /* AllWorkshopsViewController.swift */ = {isa = PBXFileReference; lastKnownFileType = sourcecode.swift; path = AllWorkshopsViewController.swift; sourceTree = "<group>"; };
		7ED83F912121B7C800E78B39 /* WorkshopTableViewCell.swift */ = {isa = PBXFileReference; lastKnownFileType = sourcecode.swift; path = WorkshopTableViewCell.swift; sourceTree = "<group>"; };
		7ED83F9B2121C48400E78B39 /* QuemFazTableViewCell.swift */ = {isa = PBXFileReference; lastKnownFileType = sourcecode.swift; path = QuemFazTableViewCell.swift; sourceTree = "<group>"; };
		B7D494F40A07C7F4C21278E0 /* Pods-BioConstrucao.release.xcconfig */ = {isa = PBXFileReference; includeInIndex = 1; lastKnownFileType = text.xcconfig; name = "Pods-BioConstrucao.release.xcconfig"; path = "Pods/Target Support Files/Pods-BioConstrucao/Pods-BioConstrucao.release.xcconfig"; sourceTree = "<group>"; };
		D2286185BD8A35841A561EF4 /* Pods_BioConstrucao.framework */ = {isa = PBXFileReference; explicitFileType = wrapper.framework; includeInIndex = 0; path = Pods_BioConstrucao.framework; sourceTree = BUILT_PRODUCTS_DIR; };
/* End PBXFileReference section */

/* Begin PBXFrameworksBuildPhase section */
		7E9FA7372118926A00A7500F /* Frameworks */ = {
			isa = PBXFrameworksBuildPhase;
			buildActionMask = 2147483647;
			files = (
				BE2ACFE4E7F6C9A84A869E71 /* Pods_BioConstrucao.framework in Frameworks */,
			);
			runOnlyForDeploymentPostprocessing = 0;
		};
/* End PBXFrameworksBuildPhase section */

/* Begin PBXGroup section */
		3CB0356DDBFA8415219621BF /* Pods */ = {
			isa = PBXGroup;
			children = (
				6A1D83C607E5E3821DABE059 /* Pods-BioConstrucao.debug.xcconfig */,
				B7D494F40A07C7F4C21278E0 /* Pods-BioConstrucao.release.xcconfig */,
			);
			name = Pods;
			sourceTree = "<group>";
		};
		7E6240372119D1D00096BA2B /* Model */ = {
			isa = PBXGroup;
			children = (
				7E6240382119D1DB0096BA2B /* Project.swift */,
				7E624048211B18230096BA2B /* Workshop.swift */,
				7E62404A211B18350096BA2B /* Worker.swift */,
				7E62404C211B18470096BA2B /* User.swift */,
				7E624051211B20300096BA2B /* Location.swift */,
				7E624053211B214B0096BA2B /* ImageDescribed.swift */,
				7E62405D211CC1E40096BA2B /* Constants.swift */,
			);
			path = Model;
			sourceTree = "<group>";
		};
		7E62404E211B1A1A0096BA2B /* Feed */ = {
			isa = PBXGroup;
			children = (
				7E62405B211CBD2D0096BA2B /* HeaderView.xib */,
				7E62403E211AA1100096BA2B /* CenterCellCollectionViewFlowLayout.swift */,
				7E624040211AA1580096BA2B /* ProjectCollectionTableViewCell.swift */,
				7E624042211AA3820096BA2B /* FeedWorkshopTableViewCell.swift */,
				7E624044211AA3B80096BA2B /* FeedProjectTableViewCell.swift */,
				7E9FA73F2118926A00A7500F /* FeedViewController.swift */,
				7E624055211CB81A0096BA2B /* AllProjectsViewController.swift */,
				7E624057211CB8390096BA2B /* ProjectTableViewCell.swift */,
				7E624059211CBCDD0096BA2B /* HeaderView.swift */,
				7ED83F8F2121B5AE00E78B39 /* AllWorkshopsViewController.swift */,
				7ED83F912121B7C800E78B39 /* WorkshopTableViewCell.swift */,
			);
			path = Feed;
			sourceTree = "<group>";
		};
		7E9FA7312118926A00A7500F = {
			isa = PBXGroup;
			children = (
				7E9FA73C2118926A00A7500F /* BioConstrucao */,
				7E9FA73B2118926A00A7500F /* Products */,
				3CB0356DDBFA8415219621BF /* Pods */,
				CAD53A2B667E4E1E0F8C0A85 /* Frameworks */,
			);
			sourceTree = "<group>";
		};
		7E9FA73B2118926A00A7500F /* Products */ = {
			isa = PBXGroup;
			children = (
				7E9FA73A2118926A00A7500F /* BioConstrucao.app */,
			);
			name = Products;
			sourceTree = "<group>";
		};
		7E9FA73C2118926A00A7500F /* BioConstrucao */ = {
			isa = PBXGroup;
			children = (
				7E9FA74F2118928600A7500F /* Persistence */,
				7E9FA7542118931E00A7500F /* Business */,
				7E9FA753211892B800A7500F /* Mechanism */,
				7E9FA7512118929F00A7500F /* Presentation */,
				7E9FA73D2118926A00A7500F /* AppDelegate.swift */,
				7E6240352119CBFC0096BA2B /* GoogleService-Info.plist */,
				7E9FA7412118926A00A7500F /* Main.storyboard */,
				7E9FA7442118926C00A7500F /* Assets.xcassets */,
				7E9FA7462118926C00A7500F /* LaunchScreen.storyboard */,
				7E9FA7492118926C00A7500F /* Info.plist */,
			);
			path = BioConstrucao;
			sourceTree = "<group>";
		};
		7E9FA74F2118928600A7500F /* Persistence */ = {
			isa = PBXGroup;
			children = (
				7E6240372119D1D00096BA2B /* Model */,
				7E62403A2119D46D0096BA2B /* DataBaseService.swift */,
			);
			path = Persistence;
			sourceTree = "<group>";
		};
		7E9FA7512118929F00A7500F /* Presentation */ = {
			isa = PBXGroup;
			children = (
				7ED83F9A2121C46C00E78B39 /* Quem faz */,
				7E62404E211B1A1A0096BA2B /* Feed */,
			);
			path = Presentation;
			sourceTree = "<group>";
		};
		7E9FA753211892B800A7500F /* Mechanism */ = {
			isa = PBXGroup;
			children = (
			);
			path = Mechanism;
			sourceTree = "<group>";
		};
		7E9FA7542118931E00A7500F /* Business */ = {
			isa = PBXGroup;
			children = (
				7E62403C2119D5BD0096BA2B /* ProjectServices.swift */,
				7E624046211B18030096BA2B /* WorkshopsServices.swift */,
				7E62404F211B1B170096BA2B /* ImageServices.swift */,
			);
			path = Business;
			sourceTree = "<group>";
		};
		7ED83F9A2121C46C00E78B39 /* Quem faz */ = {
			isa = PBXGroup;
			children = (
				7ED83F9B2121C48400E78B39 /* QuemFazTableViewCell.swift */,
			);
			path = "Quem faz";
			sourceTree = "<group>";
		};
		CAD53A2B667E4E1E0F8C0A85 /* Frameworks */ = {
			isa = PBXGroup;
			children = (
				D2286185BD8A35841A561EF4 /* Pods_BioConstrucao.framework */,
			);
			name = Frameworks;
			sourceTree = "<group>";
		};
/* End PBXGroup section */

/* Begin PBXNativeTarget section */
		7E9FA7392118926A00A7500F /* BioConstrucao */ = {
			isa = PBXNativeTarget;
			buildConfigurationList = 7E9FA74C2118926C00A7500F /* Build configuration list for PBXNativeTarget "BioConstrucao" */;
			buildPhases = (
				22473CA0F2DB4B46C6D37492 /* [CP] Check Pods Manifest.lock */,
				7E9FA7362118926A00A7500F /* Sources */,
				7E9FA7372118926A00A7500F /* Frameworks */,
				7E9FA7382118926A00A7500F /* Resources */,
				10629DC7BDFE2CA8D871C049 /* [CP] Embed Pods Frameworks */,
			);
			buildRules = (
			);
			dependencies = (
			);
			name = BioConstrucao;
			productName = BioConstrucao;
			productReference = 7E9FA73A2118926A00A7500F /* BioConstrucao.app */;
			productType = "com.apple.product-type.application";
		};
/* End PBXNativeTarget section */

/* Begin PBXProject section */
		7E9FA7322118926A00A7500F /* Project object */ = {
			isa = PBXProject;
			attributes = {
				LastSwiftUpdateCheck = 0940;
				LastUpgradeCheck = 0940;
				ORGANIZATIONNAME = "Instituto de Pesquisas Eldorado";
				TargetAttributes = {
					7E9FA7392118926A00A7500F = {
						CreatedOnToolsVersion = 9.4.1;
					};
				};
			};
			buildConfigurationList = 7E9FA7352118926A00A7500F /* Build configuration list for PBXProject "BioConstrucao" */;
			compatibilityVersion = "Xcode 9.3";
			developmentRegion = en;
			hasScannedForEncodings = 0;
			knownRegions = (
				en,
				Base,
			);
			mainGroup = 7E9FA7312118926A00A7500F;
			productRefGroup = 7E9FA73B2118926A00A7500F /* Products */;
			projectDirPath = "";
			projectRoot = "";
			targets = (
				7E9FA7392118926A00A7500F /* BioConstrucao */,
			);
		};
/* End PBXProject section */

/* Begin PBXResourcesBuildPhase section */
		7E9FA7382118926A00A7500F /* Resources */ = {
			isa = PBXResourcesBuildPhase;
			buildActionMask = 2147483647;
			files = (
				7E9FA7482118926C00A7500F /* LaunchScreen.storyboard in Resources */,
				7E62405C211CBD2D0096BA2B /* HeaderView.xib in Resources */,
				7E6240362119CBFC0096BA2B /* GoogleService-Info.plist in Resources */,
				7E9FA7452118926C00A7500F /* Assets.xcassets in Resources */,
				7E9FA7432118926A00A7500F /* Main.storyboard in Resources */,
			);
			runOnlyForDeploymentPostprocessing = 0;
		};
/* End PBXResourcesBuildPhase section */

/* Begin PBXShellScriptBuildPhase section */
		10629DC7BDFE2CA8D871C049 /* [CP] Embed Pods Frameworks */ = {
			isa = PBXShellScriptBuildPhase;
			buildActionMask = 2147483647;
			files = (
			);
			inputPaths = (
				"${SRCROOT}/Pods/Target Support Files/Pods-BioConstrucao/Pods-BioConstrucao-frameworks.sh",
				"${BUILT_PRODUCTS_DIR}/GTMSessionFetcher/GTMSessionFetcher.framework",
				"${BUILT_PRODUCTS_DIR}/GoogleUtilities/GoogleUtilities.framework",
				"${BUILT_PRODUCTS_DIR}/leveldb-library/leveldb.framework",
				"${BUILT_PRODUCTS_DIR}/nanopb/nanopb.framework",
			);
			name = "[CP] Embed Pods Frameworks";
			outputPaths = (
				"${TARGET_BUILD_DIR}/${FRAMEWORKS_FOLDER_PATH}/GTMSessionFetcher.framework",
				"${TARGET_BUILD_DIR}/${FRAMEWORKS_FOLDER_PATH}/GoogleUtilities.framework",
				"${TARGET_BUILD_DIR}/${FRAMEWORKS_FOLDER_PATH}/leveldb.framework",
				"${TARGET_BUILD_DIR}/${FRAMEWORKS_FOLDER_PATH}/nanopb.framework",
			);
			runOnlyForDeploymentPostprocessing = 0;
			shellPath = /bin/sh;
			shellScript = "\"${SRCROOT}/Pods/Target Support Files/Pods-BioConstrucao/Pods-BioConstrucao-frameworks.sh\"\n";
			showEnvVarsInLog = 0;
		};
		22473CA0F2DB4B46C6D37492 /* [CP] Check Pods Manifest.lock */ = {
			isa = PBXShellScriptBuildPhase;
			buildActionMask = 2147483647;
			files = (
			);
			inputPaths = (
				"${PODS_PODFILE_DIR_PATH}/Podfile.lock",
				"${PODS_ROOT}/Manifest.lock",
			);
			name = "[CP] Check Pods Manifest.lock";
			outputPaths = (
				"$(DERIVED_FILE_DIR)/Pods-BioConstrucao-checkManifestLockResult.txt",
			);
			runOnlyForDeploymentPostprocessing = 0;
			shellPath = /bin/sh;
			shellScript = "diff \"${PODS_PODFILE_DIR_PATH}/Podfile.lock\" \"${PODS_ROOT}/Manifest.lock\" > /dev/null\nif [ $? != 0 ] ; then\n    # print error to STDERR\n    echo \"error: The sandbox is not in sync with the Podfile.lock. Run 'pod install' or update your CocoaPods installation.\" >&2\n    exit 1\nfi\n# This output is used by Xcode 'outputs' to avoid re-running this script phase.\necho \"SUCCESS\" > \"${SCRIPT_OUTPUT_FILE_0}\"\n";
			showEnvVarsInLog = 0;
		};
/* End PBXShellScriptBuildPhase section */

/* Begin PBXSourcesBuildPhase section */
		7E9FA7362118926A00A7500F /* Sources */ = {
			isa = PBXSourcesBuildPhase;
			buildActionMask = 2147483647;
			files = (
				7ED83F922121B7C800E78B39 /* WorkshopTableViewCell.swift in Sources */,
				7E62404D211B18470096BA2B /* User.swift in Sources */,
				7E624058211CB83A0096BA2B /* ProjectTableViewCell.swift in Sources */,
				7E624050211B1B170096BA2B /* ImageServices.swift in Sources */,
				7E62403D2119D5BD0096BA2B /* ProjectServices.swift in Sources */,
				7E62404B211B18350096BA2B /* Worker.swift in Sources */,
				7E62403F211AA1100096BA2B /* CenterCellCollectionViewFlowLayout.swift in Sources */,
				7E62405A211CBCDD0096BA2B /* HeaderView.swift in Sources */,
				7E9FA7402118926A00A7500F /* FeedViewController.swift in Sources */,
				7ED83F9C2121C48400E78B39 /* QuemFazTableViewCell.swift in Sources */,
				7E9FA73E2118926A00A7500F /* AppDelegate.swift in Sources */,
				7E624054211B214B0096BA2B /* ImageDescribed.swift in Sources */,
				7E624052211B20300096BA2B /* Location.swift in Sources */,
				7E62403B2119D46D0096BA2B /* DataBaseService.swift in Sources */,
				7E624043211AA3820096BA2B /* FeedWorkshopTableViewCell.swift in Sources */,
				7E624047211B18030096BA2B /* WorkshopsServices.swift in Sources */,
				7E6240392119D1DB0096BA2B /* Project.swift in Sources */,
				7ED83F902121B5AE00E78B39 /* AllWorkshopsViewController.swift in Sources */,
				7E62405E211CC1E40096BA2B /* Constants.swift in Sources */,
				7E624056211CB81A0096BA2B /* AllProjectsViewController.swift in Sources */,
				7E624045211AA3B80096BA2B /* FeedProjectTableViewCell.swift in Sources */,
				7E624041211AA1580096BA2B /* ProjectCollectionTableViewCell.swift in Sources */,
				7E624049211B18230096BA2B /* Workshop.swift in Sources */,
			);
			runOnlyForDeploymentPostprocessing = 0;
		};
/* End PBXSourcesBuildPhase section */

/* Begin PBXVariantGroup section */
		7E9FA7412118926A00A7500F /* Main.storyboard */ = {
			isa = PBXVariantGroup;
			children = (
				7E9FA7422118926A00A7500F /* Base */,
			);
			name = Main.storyboard;
			sourceTree = "<group>";
		};
		7E9FA7462118926C00A7500F /* LaunchScreen.storyboard */ = {
			isa = PBXVariantGroup;
			children = (
				7E9FA7472118926C00A7500F /* Base */,
			);
			name = LaunchScreen.storyboard;
			sourceTree = "<group>";
		};
/* End PBXVariantGroup section */

/* Begin XCBuildConfiguration section */
		7E9FA74A2118926C00A7500F /* Debug */ = {
			isa = XCBuildConfiguration;
			buildSettings = {
				ALWAYS_SEARCH_USER_PATHS = NO;
				CLANG_ANALYZER_NONNULL = YES;
				CLANG_ANALYZER_NUMBER_OBJECT_CONVERSION = YES_AGGRESSIVE;
				CLANG_CXX_LANGUAGE_STANDARD = "gnu++14";
				CLANG_CXX_LIBRARY = "libc++";
				CLANG_ENABLE_MODULES = YES;
				CLANG_ENABLE_OBJC_ARC = YES;
				CLANG_ENABLE_OBJC_WEAK = YES;
				CLANG_WARN_BLOCK_CAPTURE_AUTORELEASING = YES;
				CLANG_WARN_BOOL_CONVERSION = YES;
				CLANG_WARN_COMMA = YES;
				CLANG_WARN_CONSTANT_CONVERSION = YES;
				CLANG_WARN_DEPRECATED_OBJC_IMPLEMENTATIONS = YES;
				CLANG_WARN_DIRECT_OBJC_ISA_USAGE = YES_ERROR;
				CLANG_WARN_DOCUMENTATION_COMMENTS = YES;
				CLANG_WARN_EMPTY_BODY = YES;
				CLANG_WARN_ENUM_CONVERSION = YES;
				CLANG_WARN_INFINITE_RECURSION = YES;
				CLANG_WARN_INT_CONVERSION = YES;
				CLANG_WARN_NON_LITERAL_NULL_CONVERSION = YES;
				CLANG_WARN_OBJC_IMPLICIT_RETAIN_SELF = YES;
				CLANG_WARN_OBJC_LITERAL_CONVERSION = YES;
				CLANG_WARN_OBJC_ROOT_CLASS = YES_ERROR;
				CLANG_WARN_RANGE_LOOP_ANALYSIS = YES;
				CLANG_WARN_STRICT_PROTOTYPES = YES;
				CLANG_WARN_SUSPICIOUS_MOVE = YES;
				CLANG_WARN_UNGUARDED_AVAILABILITY = YES_AGGRESSIVE;
				CLANG_WARN_UNREACHABLE_CODE = YES;
				CLANG_WARN__DUPLICATE_METHOD_MATCH = YES;
				CODE_SIGN_IDENTITY = "iPhone Developer";
				COPY_PHASE_STRIP = NO;
				DEBUG_INFORMATION_FORMAT = dwarf;
				ENABLE_STRICT_OBJC_MSGSEND = YES;
				ENABLE_TESTABILITY = YES;
				GCC_C_LANGUAGE_STANDARD = gnu11;
				GCC_DYNAMIC_NO_PIC = NO;
				GCC_NO_COMMON_BLOCKS = YES;
				GCC_OPTIMIZATION_LEVEL = 0;
				GCC_PREPROCESSOR_DEFINITIONS = (
					"DEBUG=1",
					"$(inherited)",
				);
				GCC_WARN_64_TO_32_BIT_CONVERSION = YES;
				GCC_WARN_ABOUT_RETURN_TYPE = YES_ERROR;
				GCC_WARN_UNDECLARED_SELECTOR = YES;
				GCC_WARN_UNINITIALIZED_AUTOS = YES_AGGRESSIVE;
				GCC_WARN_UNUSED_FUNCTION = YES;
				GCC_WARN_UNUSED_VARIABLE = YES;
				IPHONEOS_DEPLOYMENT_TARGET = 11.4;
				MTL_ENABLE_DEBUG_INFO = YES;
				ONLY_ACTIVE_ARCH = YES;
				SDKROOT = iphoneos;
				SWIFT_ACTIVE_COMPILATION_CONDITIONS = DEBUG;
				SWIFT_OPTIMIZATION_LEVEL = "-Onone";
			};
			name = Debug;
		};
		7E9FA74B2118926C00A7500F /* Release */ = {
			isa = XCBuildConfiguration;
			buildSettings = {
				ALWAYS_SEARCH_USER_PATHS = NO;
				CLANG_ANALYZER_NONNULL = YES;
				CLANG_ANALYZER_NUMBER_OBJECT_CONVERSION = YES_AGGRESSIVE;
				CLANG_CXX_LANGUAGE_STANDARD = "gnu++14";
				CLANG_CXX_LIBRARY = "libc++";
				CLANG_ENABLE_MODULES = YES;
				CLANG_ENABLE_OBJC_ARC = YES;
				CLANG_ENABLE_OBJC_WEAK = YES;
				CLANG_WARN_BLOCK_CAPTURE_AUTORELEASING = YES;
				CLANG_WARN_BOOL_CONVERSION = YES;
				CLANG_WARN_COMMA = YES;
				CLANG_WARN_CONSTANT_CONVERSION = YES;
				CLANG_WARN_DEPRECATED_OBJC_IMPLEMENTATIONS = YES;
				CLANG_WARN_DIRECT_OBJC_ISA_USAGE = YES_ERROR;
				CLANG_WARN_DOCUMENTATION_COMMENTS = YES;
				CLANG_WARN_EMPTY_BODY = YES;
				CLANG_WARN_ENUM_CONVERSION = YES;
				CLANG_WARN_INFINITE_RECURSION = YES;
				CLANG_WARN_INT_CONVERSION = YES;
				CLANG_WARN_NON_LITERAL_NULL_CONVERSION = YES;
				CLANG_WARN_OBJC_IMPLICIT_RETAIN_SELF = YES;
				CLANG_WARN_OBJC_LITERAL_CONVERSION = YES;
				CLANG_WARN_OBJC_ROOT_CLASS = YES_ERROR;
				CLANG_WARN_RANGE_LOOP_ANALYSIS = YES;
				CLANG_WARN_STRICT_PROTOTYPES = YES;
				CLANG_WARN_SUSPICIOUS_MOVE = YES;
				CLANG_WARN_UNGUARDED_AVAILABILITY = YES_AGGRESSIVE;
				CLANG_WARN_UNREACHABLE_CODE = YES;
				CLANG_WARN__DUPLICATE_METHOD_MATCH = YES;
				CODE_SIGN_IDENTITY = "iPhone Developer";
				COPY_PHASE_STRIP = NO;
				DEBUG_INFORMATION_FORMAT = "dwarf-with-dsym";
				ENABLE_NS_ASSERTIONS = NO;
				ENABLE_STRICT_OBJC_MSGSEND = YES;
				GCC_C_LANGUAGE_STANDARD = gnu11;
				GCC_NO_COMMON_BLOCKS = YES;
				GCC_WARN_64_TO_32_BIT_CONVERSION = YES;
				GCC_WARN_ABOUT_RETURN_TYPE = YES_ERROR;
				GCC_WARN_UNDECLARED_SELECTOR = YES;
				GCC_WARN_UNINITIALIZED_AUTOS = YES_AGGRESSIVE;
				GCC_WARN_UNUSED_FUNCTION = YES;
				GCC_WARN_UNUSED_VARIABLE = YES;
				IPHONEOS_DEPLOYMENT_TARGET = 11.4;
				MTL_ENABLE_DEBUG_INFO = NO;
				SDKROOT = iphoneos;
				SWIFT_COMPILATION_MODE = wholemodule;
				SWIFT_OPTIMIZATION_LEVEL = "-O";
				VALIDATE_PRODUCT = YES;
			};
			name = Release;
		};
		7E9FA74D2118926C00A7500F /* Debug */ = {
			isa = XCBuildConfiguration;
			baseConfigurationReference = 6A1D83C607E5E3821DABE059 /* Pods-BioConstrucao.debug.xcconfig */;
			buildSettings = {
				ASSETCATALOG_COMPILER_APPICON_NAME = AppIcon;
				CODE_SIGN_STYLE = Automatic;
				DEVELOPMENT_TEAM = H3K85CCEUB;
				INFOPLIST_FILE = BioConstrucao/Info.plist;
				LD_RUNPATH_SEARCH_PATHS = (
					"$(inherited)",
					"@executable_path/Frameworks",
				);
				PRODUCT_BUNDLE_IDENTIFIER = br.org.eldorado.bepid.BioConstrucao;
				PRODUCT_NAME = "$(TARGET_NAME)";
				SWIFT_VERSION = 4.0;
				TARGETED_DEVICE_FAMILY = "1,2";
			};
			name = Debug;
		};
		7E9FA74E2118926C00A7500F /* Release */ = {
			isa = XCBuildConfiguration;
			baseConfigurationReference = B7D494F40A07C7F4C21278E0 /* Pods-BioConstrucao.release.xcconfig */;
			buildSettings = {
				ASSETCATALOG_COMPILER_APPICON_NAME = AppIcon;
				CODE_SIGN_STYLE = Automatic;
				DEVELOPMENT_TEAM = H3K85CCEUB;
				INFOPLIST_FILE = BioConstrucao/Info.plist;
				LD_RUNPATH_SEARCH_PATHS = (
					"$(inherited)",
					"@executable_path/Frameworks",
				);
				PRODUCT_BUNDLE_IDENTIFIER = br.org.eldorado.bepid.BioConstrucao;
				PRODUCT_NAME = "$(TARGET_NAME)";
				SWIFT_VERSION = 4.0;
				TARGETED_DEVICE_FAMILY = "1,2";
			};
			name = Release;
		};
/* End XCBuildConfiguration section */

/* Begin XCConfigurationList section */
		7E9FA7352118926A00A7500F /* Build configuration list for PBXProject "BioConstrucao" */ = {
			isa = XCConfigurationList;
			buildConfigurations = (
				7E9FA74A2118926C00A7500F /* Debug */,
				7E9FA74B2118926C00A7500F /* Release */,
			);
			defaultConfigurationIsVisible = 0;
			defaultConfigurationName = Release;
		};
		7E9FA74C2118926C00A7500F /* Build configuration list for PBXNativeTarget "BioConstrucao" */ = {
			isa = XCConfigurationList;
			buildConfigurations = (
				7E9FA74D2118926C00A7500F /* Debug */,
				7E9FA74E2118926C00A7500F /* Release */,
			);
			defaultConfigurationIsVisible = 0;
			defaultConfigurationName = Release;
		};
/* End XCConfigurationList section */
	};
	rootObject = 7E9FA7322118926A00A7500F /* Project object */;
}
